
Microsoft Visual Studio Solution File, Format Version 12.00
# Visual Studio Version 17
VisualStudioVersion = 17.9.34902.65
MinimumVisualStudioVersion = 10.0.40219.1
Project("{9A19103F-16F7-4668-BE54-9A1E7A4F7556}") = "LSI Gestor", "GestorForm\LSI Gestor.csproj", "{80D0AADA-9508-4D05-A341-9DEAED90E747}"
EndProject
Global
	GlobalSection(SolutionConfigurationPlatforms) = preSolution
		Debug|Any CPU = Debug|Any CPU
		Debug|x64 = Debug|x64
		gestor|Any CPU = gestor|Any CPU
		gestor|x64 = gestor|x64
		Release|Any CPU = Release|Any CPU
		Release|x64 = Release|x64
	EndGlobalSection
	GlobalSection(ProjectConfigurationPlatforms) = postSolution
		{80D0AADA-9508-4D05-A341-9DEAED90E747}.Debug|Any CPU.ActiveCfg = Debug|Any CPU
		{80D0AADA-9508-4D05-A341-9DEAED90E747}.Debug|Any CPU.Build.0 = Debug|Any CPU
		{80D0AADA-9508-4D05-A341-9DEAED90E747}.Debug|x64.ActiveCfg = Debug|x64
		{80D0AADA-9508-4D05-A341-9DEAED90E747}.Debug|x64.Build.0 = Debug|x64
		{80D0AADA-9508-4D05-A341-9DEAED90E747}.gestor|Any CPU.ActiveCfg = gestor|Any CPU
		{80D0AADA-9508-4D05-A341-9DEAED90E747}.gestor|Any CPU.Build.0 = gestor|Any CPU
		{80D0AADA-9508-4D05-A341-9DEAED90E747}.gestor|x64.ActiveCfg = gestor|x64
		{80D0AADA-9508-4D05-A341-9DEAED90E747}.gestor|x64.Build.0 = gestor|x64
		{80D0AADA-9508-4D05-A341-9DEAED90E747}.Release|Any CPU.ActiveCfg = Release|Any CPU
		{80D0AADA-9508-4D05-A341-9DEAED90E747}.Release|Any CPU.Build.0 = Release|Any CPU
		{80D0AADA-9508-4D05-A341-9DEAED90E747}.Release|x64.ActiveCfg = Release|x64
		{80D0AADA-9508-4D05-A341-9DEAED90E747}.Release|x64.Build.0 = Release|x64
	EndGlobalSection
	GlobalSection(SolutionProperties) = preSolution
		HideSolutionNode = FALSE
	EndGlobalSection
	GlobalSection(ExtensibilityGlobals) = postSolution
		SolutionGuid = {FBE32AAD-DF51-4278-A7DA-B55BC05E30AE}
	EndGlobalSection
EndGlobal
